// !$*UTF8*$!
{
	archiveVersion = 1;
	classes = {
	};
	objectVersion = 50;
	objects = {

/* Begin PBXBuildFile section */
		3B50FF42253E15C700A7068A /* SpecialEffectsView.swift in Sources */ = {isa = PBXBuildFile; fileRef = 3B50FF41253E15C700A7068A /* SpecialEffectsView.swift */; };
		3B50FF49253E2E7400A7068A /* ImageBlurView.swift in Sources */ = {isa = PBXBuildFile; fileRef = 3B50FF48253E2E7400A7068A /* ImageBlurView.swift */; };
		3B50FF4C253E2F7400A7068A /* TrapezoidView.swift in Sources */ = {isa = PBXBuildFile; fileRef = 3B50FF4B253E2F7400A7068A /* TrapezoidView.swift */; };
		3B50FF53253E323800A7068A /* CheckerboardView.swift in Sources */ = {isa = PBXBuildFile; fileRef = 3B50FF52253E323800A7068A /* CheckerboardView.swift */; };
		3B50FF56253E33AE00A7068A /* SpiroGraphView .swift in Sources */ = {isa = PBXBuildFile; fileRef = 3B50FF55253E33AE00A7068A /* SpiroGraphView .swift */; };
		3B54D838253CBD15002926F8 /* TriangleView.swift in Sources */ = {isa = PBXBuildFile; fileRef = 3B54D837253CBD15002926F8 /* TriangleView.swift */; };
		3B54D83E253CBDAE002926F8 /* ArcView.swift in Sources */ = {isa = PBXBuildFile; fileRef = 3B54D83D253CBDAE002926F8 /* ArcView.swift */; };
		3B54D841253CC702002926F8 /* FlowerShapeView.swift in Sources */ = {isa = PBXBuildFile; fileRef = 3B54D840253CC702002926F8 /* FlowerShapeView.swift */; };
		3B54D845253CCDA3002926F8 /* ColorCyclingCircleView.swift in Sources */ = {isa = PBXBuildFile; fileRef = 3B54D844253CCDA3002926F8 /* ColorCyclingCircleView.swift */; };
		3B8F50BF2538D2FC00D7123D /* DrawingApp.swift in Sources */ = {isa = PBXBuildFile; fileRef = 3B8F50BE2538D2FC00D7123D /* DrawingApp.swift */; };
		3B8F50C12538D2FC00D7123D /* ContentView.swift in Sources */ = {isa = PBXBuildFile; fileRef = 3B8F50C02538D2FC00D7123D /* ContentView.swift */; };
		3B8F50C32538D2FD00D7123D /* Assets.xcassets in Resources */ = {isa = PBXBuildFile; fileRef = 3B8F50C22538D2FD00D7123D /* Assets.xcassets */; };
		3B8F50C62538D2FD00D7123D /* Preview Assets.xcassets in Resources */ = {isa = PBXBuildFile; fileRef = 3B8F50C52538D2FD00D7123D /* Preview Assets.xcassets */; };
/* End PBXBuildFile section */

/* Begin PBXFileReference section */
		3B50FF41253E15C700A7068A /* SpecialEffectsView.swift */ = {isa = PBXFileReference; lastKnownFileType = sourcecode.swift; path = SpecialEffectsView.swift; sourceTree = "<group>"; };
		3B50FF48253E2E7400A7068A /* ImageBlurView.swift */ = {isa = PBXFileReference; lastKnownFileType = sourcecode.swift; path = ImageBlurView.swift; sourceTree = "<group>"; };
		3B50FF4B253E2F7400A7068A /* TrapezoidView.swift */ = {isa = PBXFileReference; lastKnownFileType = sourcecode.swift; path = TrapezoidView.swift; sourceTree = "<group>"; };
		3B50FF52253E323800A7068A /* CheckerboardView.swift */ = {isa = PBXFileReference; lastKnownFileType = sourcecode.swift; path = CheckerboardView.swift; sourceTree = "<group>"; };
		3B50FF55253E33AE00A7068A /* SpiroGraphView .swift */ = {isa = PBXFileReference; lastKnownFileType = sourcecode.swift; path = "SpiroGraphView .swift"; sourceTree = "<group>"; };
		3B54D837253CBD15002926F8 /* TriangleView.swift */ = {isa = PBXFileReference; lastKnownFileType = sourcecode.swift; path = TriangleView.swift; sourceTree = "<group>"; };
		3B54D83D253CBDAE002926F8 /* ArcView.swift */ = {isa = PBXFileReference; lastKnownFileType = sourcecode.swift; path = ArcView.swift; sourceTree = "<group>"; };
		3B54D840253CC702002926F8 /* FlowerShapeView.swift */ = {isa = PBXFileReference; lastKnownFileType = sourcecode.swift; path = FlowerShapeView.swift; sourceTree = "<group>"; };
		3B54D844253CCDA3002926F8 /* ColorCyclingCircleView.swift */ = {isa = PBXFileReference; lastKnownFileType = sourcecode.swift; path = ColorCyclingCircleView.swift; sourceTree = "<group>"; };
		3B8F50BB2538D2FC00D7123D /* Drawing.app */ = {isa = PBXFileReference; explicitFileType = wrapper.application; includeInIndex = 0; path = Drawing.app; sourceTree = BUILT_PRODUCTS_DIR; };
		3B8F50BE2538D2FC00D7123D /* DrawingApp.swift */ = {isa = PBXFileReference; lastKnownFileType = sourcecode.swift; path = DrawingApp.swift; sourceTree = "<group>"; };
		3B8F50C02538D2FC00D7123D /* ContentView.swift */ = {isa = PBXFileReference; lastKnownFileType = sourcecode.swift; path = ContentView.swift; sourceTree = "<group>"; };
		3B8F50C22538D2FD00D7123D /* Assets.xcassets */ = {isa = PBXFileReference; lastKnownFileType = folder.assetcatalog; path = Assets.xcassets; sourceTree = "<group>"; };
		3B8F50C52538D2FD00D7123D /* Preview Assets.xcassets */ = {isa = PBXFileReference; lastKnownFileType = folder.assetcatalog; path = "Preview Assets.xcassets"; sourceTree = "<group>"; };
		3B8F50C72538D2FD00D7123D /* Info.plist */ = {isa = PBXFileReference; lastKnownFileType = text.plist.xml; path = Info.plist; sourceTree = "<group>"; };
/* End PBXFileReference section */

/* Begin PBXFrameworksBuildPhase section */
		3B8F50B82538D2FC00D7123D /* Frameworks */ = {
			isa = PBXFrameworksBuildPhase;
			buildActionMask = 2147483647;
			files = (
			);
			runOnlyForDeploymentPostprocessing = 0;
		};
/* End PBXFrameworksBuildPhase section */

/* Begin PBXGroup section */
		3B54D83A253CBD4B002926F8 /* Views */ = {
			isa = PBXGroup;
			children = (
				3B8F50C02538D2FC00D7123D /* ContentView.swift */,
				3B50FF41253E15C700A7068A /* SpecialEffectsView.swift */,
				3B50FF48253E2E7400A7068A /* ImageBlurView.swift */,
				3B54D837253CBD15002926F8 /* TriangleView.swift */,
				3B54D83D253CBDAE002926F8 /* ArcView.swift */,
				3B54D840253CC702002926F8 /* FlowerShapeView.swift */,
				3B54D844253CCDA3002926F8 /* ColorCyclingCircleView.swift */,
				3B50FF4B253E2F7400A7068A /* TrapezoidView.swift */,
				3B50FF52253E323800A7068A /* CheckerboardView.swift */,
				3B50FF55253E33AE00A7068A /* SpiroGraphView .swift */,
			);
			path = Views;
			sourceTree = "<group>";
		};
		3B8F50B22538D2FC00D7123D = {
			isa = PBXGroup;
			children = (
				3B8F50BD2538D2FC00D7123D /* Drawing */,
				3B8F50BC2538D2FC00D7123D /* Products */,
			);
			sourceTree = "<group>";
		};
		3B8F50BC2538D2FC00D7123D /* Products */ = {
			isa = PBXGroup;
			children = (
				3B8F50BB2538D2FC00D7123D /* Drawing.app */,
			);
			name = Products;
			sourceTree = "<group>";
		};
		3B8F50BD2538D2FC00D7123D /* Drawing */ = {
			isa = PBXGroup;
			children = (
				3B8F50BE2538D2FC00D7123D /* DrawingApp.swift */,
				3B54D83A253CBD4B002926F8 /* Views */,
				3B8F50C22538D2FD00D7123D /* Assets.xcassets */,
				3B8F50C72538D2FD00D7123D /* Info.plist */,
				3B8F50C42538D2FD00D7123D /* Preview Content */,
			);
			path = Drawing;
			sourceTree = "<group>";
		};
		3B8F50C42538D2FD00D7123D /* Preview Content */ = {
			isa = PBXGroup;
			children = (
				3B8F50C52538D2FD00D7123D /* Preview Assets.xcassets */,
			);
			path = "Preview Content";
			sourceTree = "<group>";
		};
/* End PBXGroup section */

/* Begin PBXNativeTarget section */
		3B8F50BA2538D2FC00D7123D /* Drawing */ = {
			isa = PBXNativeTarget;
			buildConfigurationList = 3B8F50CA2538D2FD00D7123D /* Build configuration list for PBXNativeTarget "Drawing" */;
			buildPhases = (
				3B8F50B72538D2FC00D7123D /* Sources */,
				3B8F50B82538D2FC00D7123D /* Frameworks */,
				3B8F50B92538D2FC00D7123D /* Resources */,
			);
			buildRules = (
			);
			dependencies = (
			);
			name = Drawing;
			productName = Drawing;
			productReference = 3B8F50BB2538D2FC00D7123D /* Drawing.app */;
			productType = "com.apple.product-type.application";
		};
/* End PBXNativeTarget section */

/* Begin PBXProject section */
		3B8F50B32538D2FC00D7123D /* Project object */ = {
			isa = PBXProject;
			attributes = {
				LastSwiftUpdateCheck = 1200;
				LastUpgradeCheck = 1200;
				TargetAttributes = {
					3B8F50BA2538D2FC00D7123D = {
						CreatedOnToolsVersion = 12.0.1;
					};
				};
			};
			buildConfigurationList = 3B8F50B62538D2FC00D7123D /* Build configuration list for PBXProject "Drawing" */;
			compatibilityVersion = "Xcode 9.3";
			developmentRegion = en;
			hasScannedForEncodings = 0;
			knownRegions = (
				en,
				Base,
			);
			mainGroup = 3B8F50B22538D2FC00D7123D;
			productRefGroup = 3B8F50BC2538D2FC00D7123D /* Products */;
			projectDirPath = "";
			projectRoot = "";
			targets = (
				3B8F50BA2538D2FC00D7123D /* Drawing */,
			);
		};
/* End PBXProject section */

/* Begin PBXResourcesBuildPhase section */
		3B8F50B92538D2FC00D7123D /* Resources */ = {
			isa = PBXResourcesBuildPhase;
			buildActionMask = 2147483647;
			files = (
				3B8F50C62538D2FD00D7123D /* Preview Assets.xcassets in Resources */,
				3B8F50C32538D2FD00D7123D /* Assets.xcassets in Resources */,
			);
			runOnlyForDeploymentPostprocessing = 0;
		};
/* End PBXResourcesBuildPhase section */

/* Begin PBXSourcesBuildPhase section */
		3B8F50B72538D2FC00D7123D /* Sources */ = {
			isa = PBXSourcesBuildPhase;
			buildActionMask = 2147483647;
			files = (
				3B8F50C12538D2FC00D7123D /* ContentView.swift in Sources */,
				3B50FF56253E33AE00A7068A /* SpiroGraphView .swift in Sources */,
				3B50FF49253E2E7400A7068A /* ImageBlurView.swift in Sources */,
				3B54D83E253CBDAE002926F8 /* ArcView.swift in Sources */,
				3B50FF4C253E2F7400A7068A /* TrapezoidView.swift in Sources */,
				3B54D838253CBD15002926F8 /* TriangleView.swift in Sources */,
				3B50FF42253E15C700A7068A /* SpecialEffectsView.swift in Sources */,
				3B8F50BF2538D2FC00D7123D /* DrawingApp.swift in Sources */,
				3B50FF53253E323800A7068A /* CheckerboardView.swift in Sources */,
				3B54D845253CCDA3002926F8 /* ColorCyclingCircleView.swift in Sources */,
				3B54D841253CC702002926F8 /* FlowerShapeView.swift in Sources */,
			);
			runOnlyForDeploymentPostprocessing = 0;
		};
/* End PBXSourcesBuildPhase section */

/* Begin XCBuildConfiguration section */
		3B8F50C82538D2FD00D7123D /* Debug */ = {
			isa = XCBuildConfiguration;
			buildSettings = {
				ALWAYS_SEARCH_USER_PATHS = NO;
				CLANG_ANALYZER_NONNULL = YES;
				CLANG_ANALYZER_NUMBER_OBJECT_CONVERSION = YES_AGGRESSIVE;
				CLANG_CXX_LANGUAGE_STANDARD = "gnu++14";
				CLANG_CXX_LIBRARY = "libc++";
				CLANG_ENABLE_MODULES = YES;
				CLANG_ENABLE_OBJC_ARC = YES;
				CLANG_ENABLE_OBJC_WEAK = YES;
				CLANG_WARN_BLOCK_CAPTURE_AUTORELEASING = YES;
				CLANG_WARN_BOOL_CONVERSION = YES;
				CLANG_WARN_COMMA = YES;
				CLANG_WARN_CONSTANT_CONVERSION = YES;
				CLANG_WARN_DEPRECATED_OBJC_IMPLEMENTATIONS = YES;
				CLANG_WARN_DIRECT_OBJC_ISA_USAGE = YES_ERROR;
				CLANG_WARN_DOCUMENTATION_COMMENTS = YES;
				CLANG_WARN_EMPTY_BODY = YES;
				CLANG_WARN_ENUM_CONVERSION = YES;
				CLANG_WARN_INFINITE_RECURSION = YES;
				CLANG_WARN_INT_CONVERSION = YES;
				CLANG_WARN_NON_LITERAL_NULL_CONVERSION = YES;
				CLANG_WARN_OBJC_IMPLICIT_RETAIN_SELF = YES;
				CLANG_WARN_OBJC_LITERAL_CONVERSION = YES;
				CLANG_WARN_OBJC_ROOT_CLASS = YES_ERROR;
				CLANG_WARN_QUOTED_INCLUDE_IN_FRAMEWORK_HEADER = YES;
				CLANG_WARN_RANGE_LOOP_ANALYSIS = YES;
				CLANG_WARN_STRICT_PROTOTYPES = YES;
				CLANG_WARN_SUSPICIOUS_MOVE = YES;
				CLANG_WARN_UNGUARDED_AVAILABILITY = YES_AGGRESSIVE;
				CLANG_WARN_UNREACHABLE_CODE = YES;
				CLANG_WARN__DUPLICATE_METHOD_MATCH = YES;
				COPY_PHASE_STRIP = NO;
				DEBUG_INFORMATION_FORMAT = dwarf;
				ENABLE_STRICT_OBJC_MSGSEND = YES;
				ENABLE_TESTABILITY = YES;
				GCC_C_LANGUAGE_STANDARD = gnu11;
				GCC_DYNAMIC_NO_PIC = NO;
				GCC_NO_COMMON_BLOCKS = YES;
				GCC_OPTIMIZATION_LEVEL = 0;
				GCC_PREPROCESSOR_DEFINITIONS = (
					"DEBUG=1",
					"$(inherited)",
				);
				GCC_WARN_64_TO_32_BIT_CONVERSION = YES;
				GCC_WARN_ABOUT_RETURN_TYPE = YES_ERROR;
				GCC_WARN_UNDECLARED_SELECTOR = YES;
				GCC_WARN_UNINITIALIZED_AUTOS = YES_AGGRESSIVE;
				GCC_WARN_UNUSED_FUNCTION = YES;
				GCC_WARN_UNUSED_VARIABLE = YES;
				IPHONEOS_DEPLOYMENT_TARGET = 14.0;
				MTL_ENABLE_DEBUG_INFO = INCLUDE_SOURCE;
				MTL_FAST_MATH = YES;
				ONLY_ACTIVE_ARCH = YES;
				SDKROOT = iphoneos;
				SWIFT_ACTIVE_COMPILATION_CONDITIONS = DEBUG;
				SWIFT_OPTIMIZATION_LEVEL = "-Onone";
			};
			name = Debug;
		};
		3B8F50C92538D2FD00D7123D /* Release */ = {
			isa = XCBuildConfiguration;
			buildSettings = {
				ALWAYS_SEARCH_USER_PATHS = NO;
				CLANG_ANALYZER_NONNULL = YES;
				CLANG_ANALYZER_NUMBER_OBJECT_CONVERSION = YES_AGGRESSIVE;
				CLANG_CXX_LANGUAGE_STANDARD = "gnu++14";
				CLANG_CXX_LIBRARY = "libc++";
				CLANG_ENABLE_MODULES = YES;
				CLANG_ENABLE_OBJC_ARC = YES;
				CLANG_ENABLE_OBJC_WEAK = YES;
				CLANG_WARN_BLOCK_CAPTURE_AUTORELEASING = YES;
				CLANG_WARN_BOOL_CONVERSION = YES;
				CLANG_WARN_COMMA = YES;
				CLANG_WARN_CONSTANT_CONVERSION = YES;
				CLANG_WARN_DEPRECATED_OBJC_IMPLEMENTATIONS = YES;
				CLANG_WARN_DIRECT_OBJC_ISA_USAGE = YES_ERROR;
				CLANG_WARN_DOCUMENTATION_COMMENTS = YES;
				CLANG_WARN_EMPTY_BODY = YES;
				CLANG_WARN_ENUM_CONVERSION = YES;
				CLANG_WARN_INFINITE_RECURSION = YES;
				CLANG_WARN_INT_CONVERSION = YES;
				CLANG_WARN_NON_LITERAL_NULL_CONVERSION = YES;
				CLANG_WARN_OBJC_IMPLICIT_RETAIN_SELF = YES;
				CLANG_WARN_OBJC_LITERAL_CONVERSION = YES;
				CLANG_WARN_OBJC_ROOT_CLASS = YES_ERROR;
				CLANG_WARN_QUOTED_INCLUDE_IN_FRAMEWORK_HEADER = YES;
				CLANG_WARN_RANGE_LOOP_ANALYSIS = YES;
				CLANG_WARN_STRICT_PROTOTYPES = YES;
				CLANG_WARN_SUSPICIOUS_MOVE = YES;
				CLANG_WARN_UNGUARDED_AVAILABILITY = YES_AGGRESSIVE;
				CLANG_WARN_UNREACHABLE_CODE = YES;
				CLANG_WARN__DUPLICATE_METHOD_MATCH = YES;
				COPY_PHASE_STRIP = NO;
				DEBUG_INFORMATION_FORMAT = "dwarf-with-dsym";
				ENABLE_NS_ASSERTIONS = NO;
				ENABLE_STRICT_OBJC_MSGSEND = YES;
				GCC_C_LANGUAGE_STANDARD = gnu11;
				GCC_NO_COMMON_BLOCKS = YES;
				GCC_WARN_64_TO_32_BIT_CONVERSION = YES;
				GCC_WARN_ABOUT_RETURN_TYPE = YES_ERROR;
				GCC_WARN_UNDECLARED_SELECTOR = YES;
				GCC_WARN_UNINITIALIZED_AUTOS = YES_AGGRESSIVE;
				GCC_WARN_UNUSED_FUNCTION = YES;
				GCC_WARN_UNUSED_VARIABLE = YES;
				IPHONEOS_DEPLOYMENT_TARGET = 14.0;
				MTL_ENABLE_DEBUG_INFO = NO;
				MTL_FAST_MATH = YES;
				SDKROOT = iphoneos;
				SWIFT_COMPILATION_MODE = wholemodule;
				SWIFT_OPTIMIZATION_LEVEL = "-O";
				VALIDATE_PRODUCT = YES;
			};
			name = Release;
		};
		3B8F50CB2538D2FD00D7123D /* Debug */ = {
			isa = XCBuildConfiguration;
			buildSettings = {
				ASSETCATALOG_COMPILER_APPICON_NAME = AppIcon;
				ASSETCATALOG_COMPILER_GLOBAL_ACCENT_COLOR_NAME = AccentColor;
				CODE_SIGN_STYLE = Automatic;
				DEVELOPMENT_ASSET_PATHS = "\"Drawing/Preview Content\"";
				DEVELOPMENT_TEAM = 97AS6JS382;
				ENABLE_PREVIEWS = YES;
				INFOPLIST_FILE = Drawing/Info.plist;
				IPHONEOS_DEPLOYMENT_TARGET = 14.0;
				LD_RUNPATH_SEARCH_PATHS = (
					"$(inherited)",
					"@executable_path/Frameworks",
				);
				PRODUCT_BUNDLE_IDENTIFIER = com.hectorstevenvillasano.Drawing;
				PRODUCT_NAME = "$(TARGET_NAME)";
				SWIFT_VERSION = 5.0;
				TARGETED_DEVICE_FAMILY = "1,2";
			};
			name = Debug;
		};
		3B8F50CC2538D2FD00D7123D /* Release */ = {
			isa = XCBuildConfiguration;
			buildSettings = {
				ASSETCATALOG_COMPILER_APPICON_NAME = AppIcon;
				ASSETCATALOG_COMPILER_GLOBAL_ACCENT_COLOR_NAME = AccentColor;
				CODE_SIGN_STYLE = Automatic;
				DEVELOPMENT_ASSET_PATHS = "\"Drawing/Preview Content\"";
				DEVELOPMENT_TEAM = 97AS6JS382;
				ENABLE_PREVIEWS = YES;
				INFOPLIST_FILE = Drawing/Info.plist;
				IPHONEOS_DEPLOYMENT_TARGET = 14.0;
				LD_RUNPATH_SEARCH_PATHS = (
					"$(inherited)",
					"@executable_path/Frameworks",
				);
				PRODUCT_BUNDLE_IDENTIFIER = com.hectorstevenvillasano.Drawing;
				PRODUCT_NAME = "$(TARGET_NAME)";
				SWIFT_VERSION = 5.0;
				TARGETED_DEVICE_FAMILY = "1,2";
			};
			name = Release;
		};
/* End XCBuildConfiguration section */

/* Begin XCConfigurationList section */
		3B8F50B62538D2FC00D7123D /* Build configuration list for PBXProject "Drawing" */ = {
			isa = XCConfigurationList;
			buildConfigurations = (
				3B8F50C82538D2FD00D7123D /* Debug */,
				3B8F50C92538D2FD00D7123D /* Release */,
			);
			defaultConfigurationIsVisible = 0;
			defaultConfigurationName = Release;
		};
		3B8F50CA2538D2FD00D7123D /* Build configuration list for PBXNativeTarget "Drawing" */ = {
			isa = XCConfigurationList;
			buildConfigurations = (
				3B8F50CB2538D2FD00D7123D /* Debug */,
				3B8F50CC2538D2FD00D7123D /* Release */,
			);
			defaultConfigurationIsVisible = 0;
			defaultConfigurationName = Release;
		};
/* End XCConfigurationList section */
	};
	rootObject = 3B8F50B32538D2FC00D7123D /* Project object */;
}
